{
  "name": "e2e-tests",
  "version": "1.0.0",
  "lockfileVersion": 3,
  "requires": true,
  "packages": {
    "": {
      "name": "e2e-tests",
      "version": "1.0.0",
      "license": "ISC",
      "dependencies": {
        "@prisma/client": "5.19.1",
        "@wasp.sh/wasp-app-runner": "0.0.16",
        "prisma": "5.19.1"
      },
      "devDependencies": {
        "@playwright/test": "1.55.1",
        "@types/node": "^22.12.0"
      }
    },
    "node_modules/@commander-js/extra-typings": {
      "version": "13.1.0",
      "resolved": "https://registry.npmjs.org/@commander-js/extra-typings/-/extra-typings-13.1.0.tgz",
      "integrity": "sha512-q5P52BYb1hwVWE6dtID7VvuJWrlfbCv4klj7BjUUOqMz4jbSZD4C9fJ9lRjL2jnBGTg+gDDlaXN51rkWcLk4fg==",
      "license": "MIT",
      "peerDependencies": {
        "commander": "~13.1.0"
      }
    },
    "node_modules/@playwright/test": {
      "version": "1.55.1",
      "resolved": "https://registry.npmjs.org/@playwright/test/-/test-1.55.1.tgz",
      "integrity": "sha512-IVAh/nOJaw6W9g+RJVlIQJ6gSiER+ae6mKQ5CX1bERzQgbC1VSeBlwdvczT7pxb0GWiyrxH4TGKbMfDb4Sq/ig==",
      "dev": true,
      "license": "Apache-2.0",
      "dependencies": {
        "playwright": "1.55.1"
      },
      "bin": {
        "playwright": "cli.js"
      },
      "engines": {
        "node": ">=18"
      }
    },
    "node_modules/@prisma/client": {
      "version": "5.19.1",
      "resolved": "https://registry.npmjs.org/@prisma/client/-/client-5.19.1.tgz",
      "integrity": "sha512-x30GFguInsgt+4z5I4WbkZP2CGpotJMUXy+Gl/aaUjHn2o1DnLYNTA+q9XdYmAQZM8fIIkvUiA2NpgosM3fneg==",
      "hasInstallScript": true,
      "license": "Apache-2.0",
      "engines": {
        "node": ">=16.13"
      },
      "peerDependencies": {
        "prisma": "*"
      },
      "peerDependenciesMeta": {
        "prisma": {
          "optional": true
        }
      }
    },
    "node_modules/@prisma/debug": {
      "version": "5.19.1",
      "resolved": "https://registry.npmjs.org/@prisma/debug/-/debug-5.19.1.tgz",
      "integrity": "sha512-lAG6A6QnG2AskAukIEucYJZxxcSqKsMK74ZFVfCTOM/7UiyJQi48v6TQ47d6qKG3LbMslqOvnTX25dj/qvclGg==",
      "license": "Apache-2.0"
    },
    "node_modules/@prisma/engines": {
      "version": "5.19.1",
      "resolved": "https://registry.npmjs.org/@prisma/engines/-/engines-5.19.1.tgz",
      "integrity": "sha512-kR/PoxZDrfUmbbXqqb8SlBBgCjvGaJYMCOe189PEYzq9rKqitQ2fvT/VJ8PDSe8tTNxhc2KzsCfCAL+Iwm/7Cg==",
      "hasInstallScript": true,
      "license": "Apache-2.0",
      "dependencies": {
        "@prisma/debug": "5.19.1",
        "@prisma/engines-version": "5.19.1-2.69d742ee20b815d88e17e54db4a2a7a3b30324e3",
        "@prisma/fetch-engine": "5.19.1",
        "@prisma/get-platform": "5.19.1"
      }
    },
    "node_modules/@prisma/engines-version": {
      "version": "5.19.1-2.69d742ee20b815d88e17e54db4a2a7a3b30324e3",
      "resolved": "https://registry.npmjs.org/@prisma/engines-version/-/engines-version-5.19.1-2.69d742ee20b815d88e17e54db4a2a7a3b30324e3.tgz",
      "integrity": "sha512-xR6rt+z5LnNqTP5BBc+8+ySgf4WNMimOKXRn6xfNRDSpHvbOEmd7+qAOmzCrddEc4Cp8nFC0txU14dstjH7FXA==",
      "license": "Apache-2.0"
    },
    "node_modules/@prisma/fetch-engine": {
      "version": "5.19.1",
      "resolved": "https://registry.npmjs.org/@prisma/fetch-engine/-/fetch-engine-5.19.1.tgz",
      "integrity": "sha512-pCq74rtlOVJfn4pLmdJj+eI4P7w2dugOnnTXpRilP/6n5b2aZiA4ulJlE0ddCbTPkfHmOL9BfaRgA8o+1rfdHw==",
      "license": "Apache-2.0",
      "dependencies": {
        "@prisma/debug": "5.19.1",
        "@prisma/engines-version": "5.19.1-2.69d742ee20b815d88e17e54db4a2a7a3b30324e3",
        "@prisma/get-platform": "5.19.1"
      }
    },
    "node_modules/@prisma/get-platform": {
      "version": "5.19.1",
      "resolved": "https://registry.npmjs.org/@prisma/get-platform/-/get-platform-5.19.1.tgz",
      "integrity": "sha512-sCeoJ+7yt0UjnR+AXZL7vXlg5eNxaFOwC23h0KvW1YIXUoa7+W2ZcAUhoEQBmJTW4GrFqCuZ8YSP0mkDa4k3Zg==",
      "license": "Apache-2.0",
      "dependencies": {
        "@prisma/debug": "5.19.1"
      }
    },
    "node_modules/@types/node": {
      "version": "22.17.0",
      "resolved": "https://registry.npmjs.org/@types/node/-/node-22.17.0.tgz",
      "integrity": "sha512-bbAKTCqX5aNVryi7qXVMi+OkB3w/OyblodicMbvE38blyAz7GxXf6XYhklokijuPwwVg9sDLKRxt0ZHXQwZVfQ==",
      "dev": true,
      "license": "MIT",
      "dependencies": {
        "undici-types": "~6.21.0"
      }
    },
    "node_modules/@wasp.sh/wasp-app-runner": {
      "version": "0.0.16",
      "resolved": "https://registry.npmjs.org/@wasp.sh/wasp-app-runner/-/wasp-app-runner-0.0.16.tgz",
      "integrity": "sha512-91SdsPb+p8TFEkAEwsjDwQ/efE9FGhfKco0PEihbICWav7cuoa7wWi1+A5eUZOq7nYcnGhWpRNYMkhFimrBr6g==",
      "license": "MIT",
      "dependencies": {
        "@commander-js/extra-typings": "^13.1.0",
        "chalk": "^5.4.1",
        "commander": "^13.1.0",
        "dotenv": "^16.5.0",
        "p-retry": "^7.1.1",
        "semver": "^7.7.3"
      },
      "bin": {
        "run-wasp-app": "bin/index.js"
      }
    },
    "node_modules/chalk": {
      "version": "5.5.0",
      "resolved": "https://registry.npmjs.org/chalk/-/chalk-5.5.0.tgz",
      "integrity": "sha512-1tm8DTaJhPBG3bIkVeZt1iZM9GfSX2lzOeDVZH9R9ffRHpmHvxZ/QhgQH/aDTkswQVt+YHdXAdS/In/30OjCbg==",
      "license": "MIT",
      "engines": {
        "node": "^12.17.0 || ^14.13 || >=16.0.0"
      },
      "funding": {
        "url": "https://github.com/chalk/chalk?sponsor=1"
      }
    },
    "node_modules/commander": {
      "version": "13.1.0",
      "resolved": "https://registry.npmjs.org/commander/-/commander-13.1.0.tgz",
      "integrity": "sha512-/rFeCpNJQbhSZjGVwO9RFV3xPqbnERS8MmIQzCtD/zl6gpJuV/bMLuN92oG3F7d8oDEHHRrujSXNUr8fpjntKw==",
      "license": "MIT",
      "engines": {
        "node": ">=18"
      }
    },
    "node_modules/dotenv": {
      "version": "16.6.1",
      "resolved": "https://registry.npmjs.org/dotenv/-/dotenv-16.6.1.tgz",
      "integrity": "sha512-uBq4egWHTcTt33a72vpSG0z3HnPuIl6NqYcTrKEg2azoEyl2hpW0zqlxysq2pK9HlDIHyHyakeYaYnSAwd8bow==",
      "license": "BSD-2-Clause",
      "engines": {
        "node": ">=12"
      },
      "funding": {
        "url": "https://dotenvx.com"
      }
    },
    "node_modules/fsevents": {
      "version": "2.3.2",
      "resolved": "https://registry.npmjs.org/fsevents/-/fsevents-2.3.2.tgz",
      "integrity": "sha512-xiqMQR4xAeHTuB9uWm+fFRcIOgKBMiOBP+eXiyT7jsgVCq1bkVygt00oASowB7EdtpOHaaPgKt812P9ab+DDKA==",
      "dev": true,
      "hasInstallScript": true,
      "license": "MIT",
      "optional": true,
      "os": [
        "darwin"
      ],
      "engines": {
        "node": "^8.16.0 || ^10.6.0 || >=11.0.0"
      }
    },
    "node_modules/is-network-error": {
      "version": "1.3.2",
      "resolved": "https://registry.npmjs.org/is-network-error/-/is-network-error-1.3.2.tgz",
      "integrity": "sha512-PhBY86zaxNZUuWP6h13Vu5oFe0XY6/UlKzQnYFELzGVHygP3MxmvTfYSG7GN3aIab/iWudSMgjSnG9Dq+nHrgA==",
      "license": "MIT",
      "engines": {
        "node": ">=16"
      },
      "funding": {
        "url": "https://github.com/sponsors/sindresorhus"
      }
    },
    "node_modules/p-retry": {
      "version": "7.1.1",
      "resolved": "https://registry.npmjs.org/p-retry/-/p-retry-7.1.1.tgz",
      "integrity": "sha512-J5ApzjyRkkf601HpEeykoiCvzHQjWxPAHhyjFcEUP2SWq0+35NKh8TLhpLw+Dkq5TZBFvUM6UigdE9hIVYTl5w==",
      "license": "MIT",
      "dependencies": {
        "is-network-error": "^1.1.0"
      },
      "engines": {
        "node": ">=20"
      },
      "funding": {
        "url": "https://github.com/sponsors/sindresorhus"
      }
    },
    "node_modules/playwright": {
      "version": "1.55.1",
      "resolved": "https://registry.npmjs.org/playwright/-/playwright-1.55.1.tgz",
      "integrity": "sha512-cJW4Xd/G3v5ovXtJJ52MAOclqeac9S/aGGgRzLabuF8TnIb6xHvMzKIa6JmrRzUkeXJgfL1MhukP0NK6l39h3A==",
      "dev": true,
      "license": "Apache-2.0",
      "dependencies": {
        "playwright-core": "1.55.1"
      },
      "bin": {
        "playwright": "cli.js"
      },
      "engines": {
        "node": ">=18"
      },
      "optionalDependencies": {
        "fsevents": "2.3.2"
      }
    },
    "node_modules/playwright-core": {
      "version": "1.55.1",
      "resolved": "https://registry.npmjs.org/playwright-core/-/playwright-core-1.55.1.tgz",
      "integrity": "sha512-Z6Mh9mkwX+zxSlHqdr5AOcJnfp+xUWLCt9uKV18fhzA8eyxUd8NUWzAjxUh55RZKSYwDGX0cfaySdhZJGMoJ+w==",
      "dev": true,
      "license": "Apache-2.0",
      "bin": {
        "playwright-core": "cli.js"
      },
      "engines": {
        "node": ">=18"
      }
    },
    "node_modules/prisma": {
      "version": "5.19.1",
      "resolved": "https://registry.npmjs.org/prisma/-/prisma-5.19.1.tgz",
      "integrity": "sha512-c5K9MiDaa+VAAyh1OiYk76PXOme9s3E992D7kvvIOhCrNsBQfy2mP2QAQtX0WNj140IgG++12kwZpYB9iIydNQ==",
      "hasInstallScript": true,
      "license": "Apache-2.0",
      "dependencies": {
        "@prisma/engines": "5.19.1"
      },
      "bin": {
        "prisma": "build/index.js"
      },
      "engines": {
        "node": ">=16.13"
      },
      "optionalDependencies": {
        "fsevents": "2.3.3"
      }
    },
    "node_modules/prisma/node_modules/fsevents": {
      "version": "2.3.3",
      "resolved": "https://registry.npmjs.org/fsevents/-/fsevents-2.3.3.tgz",
      "integrity": "sha512-5xoDfX+fL7faATnagmWPpbFtwh/R77WmMMqqHGS65C3vvB0YHrgF+B1YmZ3441tMj5n63k0212XNoJwzlhffQw==",
      "hasInstallScript": true,
      "license": "MIT",
      "optional": true,
      "os": [
        "darwin"
      ],
      "engines": {
        "node": "^8.16.0 || ^10.6.0 || >=11.0.0"
      }
    },
    "node_modules/semver": {
      "version": "7.8.1",
      "resolved": "https://registry.npmjs.org/semver/-/semver-7.8.1.tgz",
      "integrity": "sha512-rkVq3IXh+4FDGch+KwzX3aV9W3kO54GyEgpvBzSyctDA6Xtd7RJQV1xmXbeQp5v7+VzLOfVqiutSE6GICgPFvg==",
      "license": "ISC",
      "bin": {
        "semver": "bin/semver.js"
      },
      "engines": {
        "node": ">=10"
      }
    },
    "node_modules/undici-types": {
      "version": "6.21.0",
      "resolved": "https://registry.npmjs.org/undici-types/-/undici-types-6.21.0.tgz",
      "integrity": "sha512-iwDZqg0QAGrg9Rav5H4n0M64c3mkR59cJ6wQp+7C4nI0gsmExaedaYLNO44eT4AtBBwjbTiGPMlt2Md0T9H9JQ==",
      "dev": true,
      "license": "MIT"
    }
  }
}
