# @generated - this file is auto-generated by `mise lock` https://mise.en.dev/dev-tools/mise-lock.html

[[tools.cabal]]
version = "3.16.1.0"
backend = "aqua:haskell/cabal/cabal-install"

[tools.cabal."platforms.linux-arm64"]
checksum = "sha256:9a49d42a0d4962c960feab3ec2bcf6956bcc4ef04699237e4c0ab50037341f68"
url = "https://downloads.haskell.org/~cabal/cabal-install-3.16.1.0/cabal-install-3.16.1.0-aarch64-linux-alpine3_22.tar.xz"

[tools.cabal."platforms.linux-arm64-musl"]
checksum = "sha256:9a49d42a0d4962c960feab3ec2bcf6956bcc4ef04699237e4c0ab50037341f68"
url = "https://downloads.haskell.org/~cabal/cabal-install-3.16.1.0/cabal-install-3.16.1.0-aarch64-linux-alpine3_22.tar.xz"

[tools.cabal."platforms.linux-x64"]
checksum = "sha256:5ebe58932e7856dd08e5617414597c5d07799d72796faf24d23f2355ca37b3df"
url = "https://downloads.haskell.org/~cabal/cabal-install-3.16.1.0/cabal-install-3.16.1.0-x86_64-linux-alpine3_12.tar.xz"

[tools.cabal."platforms.linux-x64-musl"]
checksum = "sha256:5ebe58932e7856dd08e5617414597c5d07799d72796faf24d23f2355ca37b3df"
url = "https://downloads.haskell.org/~cabal/cabal-install-3.16.1.0/cabal-install-3.16.1.0-x86_64-linux-alpine3_12.tar.xz"

[tools.cabal."platforms.macos-arm64"]
checksum = "sha256:e02f4561fbce72b198a3c6c81b9f211f9c7cbf40c073f8f2ee59f835dd1dd502"
url = "https://downloads.haskell.org/~cabal/cabal-install-3.16.1.0/cabal-install-3.16.1.0-aarch64-darwin.tar.xz"

[tools.cabal."platforms.macos-x64"]
checksum = "sha256:e09fec9aa6379d79a749d337446fa72f03f880a577d149c7b039592860bea095"
url = "https://downloads.haskell.org/~cabal/cabal-install-3.16.1.0/cabal-install-3.16.1.0-x86_64-darwin.tar.xz"

[tools.cabal."platforms.windows-x64"]
checksum = "sha256:7f760fd4afde9bf3f592d71055c1ad6068d297c45244a3f71a5d7cad484d5afd"
url = "https://downloads.haskell.org/~cabal/cabal-install-3.16.1.0/cabal-install-3.16.1.0-x86_64-windows.zip"

[[tools.ghcup]]
version = "0.2.6.2"
backend = "aqua:haskell/ghcup-hs"

[tools.ghcup."platforms.linux-arm64"]
checksum = "sha256:65a5f05120288ee4f1a81d28825374b6af317456a351a586adfce90c6dc29e3b"
url = "https://downloads.haskell.org/~ghcup/0.2.6.2/aarch64-linux-ghcup-0.2.6.2"

[tools.ghcup."platforms.linux-arm64-musl"]
checksum = "sha256:65a5f05120288ee4f1a81d28825374b6af317456a351a586adfce90c6dc29e3b"
url = "https://downloads.haskell.org/~ghcup/0.2.6.2/aarch64-linux-ghcup-0.2.6.2"

[tools.ghcup."platforms.linux-x64"]
checksum = "sha256:9ed5da5449b48043a0d17e767c05d2ef585e25a639bb934329496c6d2fad9cf8"
url = "https://downloads.haskell.org/~ghcup/0.2.6.2/x86_64-linux-ghcup-0.2.6.2"

[tools.ghcup."platforms.linux-x64-musl"]
checksum = "sha256:9ed5da5449b48043a0d17e767c05d2ef585e25a639bb934329496c6d2fad9cf8"
url = "https://downloads.haskell.org/~ghcup/0.2.6.2/x86_64-linux-ghcup-0.2.6.2"

[tools.ghcup."platforms.macos-arm64"]
checksum = "sha256:4e521e008fe0813db6db4b91cfeebd0c44c80c68afb458ea32a1c94cf5c7cc1d"
url = "https://downloads.haskell.org/~ghcup/0.2.6.2/aarch64-apple-darwin-ghcup-0.2.6.2"

[tools.ghcup."platforms.macos-x64"]
checksum = "sha256:e713b9f213d7da01fa4791f39e04e0892b5c5f082d5a38712281f529bab88e56"
url = "https://downloads.haskell.org/~ghcup/0.2.6.2/x86_64-apple-darwin-ghcup-0.2.6.2"

[tools.ghcup."platforms.windows-x64"]
checksum = "sha256:94da902a2853b1de1df509d04da900a05258480759efdb4f654e66956b6f30db"
url = "https://downloads.haskell.org/~ghcup/0.2.6.2/x86_64-mingw64-ghcup-0.2.6.2.exe"

[[tools."github:tfausak/cabal-gild"]]
version = "1.8.4.1"
backend = "github:tfausak/cabal-gild"

[tools."github:tfausak/cabal-gild"."platforms.linux-arm64"]
checksum = "sha256:1841830eb0cd9eebdde1daee71a103b3f7808467c28bf217bf4f8bda34ae5d1d"
url = "https://github.com/tfausak/cabal-gild/releases/download/1.8.4.1/cabal-gild-1.8.4.1.tar.gz"
url_api = "https://api.github.com/repos/tfausak/cabal-gild/releases/assets/390107361"

[tools."github:tfausak/cabal-gild"."platforms.linux-arm64-musl"]
checksum = "sha256:1841830eb0cd9eebdde1daee71a103b3f7808467c28bf217bf4f8bda34ae5d1d"
url = "https://github.com/tfausak/cabal-gild/releases/download/1.8.4.1/cabal-gild-1.8.4.1.tar.gz"
url_api = "https://api.github.com/repos/tfausak/cabal-gild/releases/assets/390107361"

[tools."github:tfausak/cabal-gild"."platforms.linux-x64"]
checksum = "sha256:257c3182ee0ba38f9f729295a3badd585f6128ec19c44f817058041118f4ad22"
url = "https://github.com/tfausak/cabal-gild/releases/download/1.8.4.1/cabal-gild-1.8.4.1-linux-x64.tar.gz"
url_api = "https://api.github.com/repos/tfausak/cabal-gild/releases/assets/390107364"

[tools."github:tfausak/cabal-gild"."platforms.linux-x64-musl"]
checksum = "sha256:257c3182ee0ba38f9f729295a3badd585f6128ec19c44f817058041118f4ad22"
url = "https://github.com/tfausak/cabal-gild/releases/download/1.8.4.1/cabal-gild-1.8.4.1-linux-x64.tar.gz"
url_api = "https://api.github.com/repos/tfausak/cabal-gild/releases/assets/390107364"

[tools."github:tfausak/cabal-gild"."platforms.macos-arm64"]
checksum = "sha256:a2330615f3724b4ca0d8946f5c36e2a4541cbe2c363ea650fb6ab6a2f40d2874"
url = "https://github.com/tfausak/cabal-gild/releases/download/1.8.4.1/cabal-gild-1.8.4.1-darwin-arm64.tar.gz"
url_api = "https://api.github.com/repos/tfausak/cabal-gild/releases/assets/390107362"

[tools."github:tfausak/cabal-gild"."platforms.macos-x64"]
checksum = "sha256:1841830eb0cd9eebdde1daee71a103b3f7808467c28bf217bf4f8bda34ae5d1d"
url = "https://github.com/tfausak/cabal-gild/releases/download/1.8.4.1/cabal-gild-1.8.4.1.tar.gz"
url_api = "https://api.github.com/repos/tfausak/cabal-gild/releases/assets/390107361"

[tools."github:tfausak/cabal-gild"."platforms.windows-x64"]
checksum = "sha256:f9d0d2b63fbc587890780e717bf59ea7237b1c4376c89c087141d1a80ff3fc83"
url = "https://github.com/tfausak/cabal-gild/releases/download/1.8.4.1/cabal-gild-1.8.4.1-win32-x64.tar.gz"
url_api = "https://api.github.com/repos/tfausak/cabal-gild/releases/assets/390107363"

[[tools.jq]]
version = "1.8.2"
backend = "aqua:jqlang/jq"

[tools.jq."platforms.linux-arm64"]
checksum = "sha256:8b85c817833814ddca00a144c33705546355afccf0cf39b188f3cdb48b852309"
url = "https://github.com/jqlang/jq/releases/download/jq-1.8.2/jq-linux-arm64"
url_api = "https://api.github.com/repos/jqlang/jq/releases/assets/453012756"
provenance = "github-attestations"

[tools.jq."platforms.linux-arm64-musl"]
checksum = "sha256:8b85c817833814ddca00a144c33705546355afccf0cf39b188f3cdb48b852309"
url = "https://github.com/jqlang/jq/releases/download/jq-1.8.2/jq-linux-arm64"
url_api = "https://api.github.com/repos/jqlang/jq/releases/assets/453012756"
provenance = "github-attestations"

[tools.jq."platforms.linux-x64"]
checksum = "sha256:b1c22172dd303f3be49e935aa56aa48a8b7a46e0bc838b4997d3bb451495870f"
url = "https://github.com/jqlang/jq/releases/download/jq-1.8.2/jq-linux-amd64"
url_api = "https://api.github.com/repos/jqlang/jq/releases/assets/453012752"
provenance = "github-attestations"

[tools.jq."platforms.linux-x64-musl"]
checksum = "sha256:b1c22172dd303f3be49e935aa56aa48a8b7a46e0bc838b4997d3bb451495870f"
url = "https://github.com/jqlang/jq/releases/download/jq-1.8.2/jq-linux-amd64"
url_api = "https://api.github.com/repos/jqlang/jq/releases/assets/453012752"
provenance = "github-attestations"

[tools.jq."platforms.macos-arm64"]
checksum = "sha256:2d75340ba57a4b4b4c8708a21c2dc8e958a48aaa8bba13b27f77f6e4c0eca07e"
url = "https://github.com/jqlang/jq/releases/download/jq-1.8.2/jq-macos-arm64"
url_api = "https://api.github.com/repos/jqlang/jq/releases/assets/453012783"
provenance = "github-attestations"

[tools.jq."platforms.macos-x64"]
checksum = "sha256:e94b266e3c26690550006abe63152b782280f4e14374accdf04cbde844f00bc0"
url = "https://github.com/jqlang/jq/releases/download/jq-1.8.2/jq-macos-amd64"
url_api = "https://api.github.com/repos/jqlang/jq/releases/assets/453012782"
provenance = "github-attestations"

[tools.jq."platforms.windows-x64"]
checksum = "sha256:a6fc67fedaf9128a3309a1e2ebb8b986aeccf70122ee46d2cb4849e423f0c627"
url = "https://github.com/jqlang/jq/releases/download/jq-1.8.2/jq-windows-amd64.exe"
url_api = "https://api.github.com/repos/jqlang/jq/releases/assets/453012788"
provenance = "github-attestations"

[[tools."mise-cabal:hlint"]]
version = "3.6.1"
backend = "mise-cabal:hlint"

[[tools."mise-cabal:stan"]]
version = "0.2.1.0"
backend = "mise-cabal:stan"

[[tools."mise-ghcup:ghc"]]
version = "9.6.7"
backend = "mise-ghcup:ghc"

[[tools."mise-ghcup:hls"]]
version = "2.14.0.0"
backend = "mise-ghcup:hls"

[[tools.node]]
version = "24.14.1"
backend = "core:node"

[tools.node.options]
compile = "false"

[tools.node."platforms.linux-arm64"]
checksum = "sha256:734ff04fa7f8ed2e8a78d40cacf5ac3fc4515dac2858757cbab313eb483ba8a2"
url = "https://nodejs.org/dist/v24.14.1/node-v24.14.1-linux-arm64.tar.gz"

[tools.node."platforms.linux-arm64-musl"]
checksum = "sha256:e3ada28bcce0f440d8692372004a3338e96ff0b5cf8399bb38ae30a8adecdf08"
url = "https://unofficial-builds.nodejs.org/download/release/v24.14.1/node-v24.14.1-linux-arm64-musl.tar.gz"

[tools.node."platforms.linux-x64"]
checksum = "sha256:ace9fa104992ed0829642629c46ca7bd7fd6e76278cb96c958c4b387d29658ea"
url = "https://nodejs.org/dist/v24.14.1/node-v24.14.1-linux-x64.tar.gz"

[tools.node."platforms.linux-x64-musl"]
checksum = "sha256:4cdc6bf5891d1f51903c663b2f7f6a636c24dd5940a62a1785ea3d911284b008"
url = "https://unofficial-builds.nodejs.org/download/release/v24.14.1/node-v24.14.1-linux-x64-musl.tar.gz"

[tools.node."platforms.macos-arm64"]
checksum = "sha256:25495ff85bd89e2d8a24d88566d7e2f827c6b0d3d872b2cebf75371f93fcb1fe"
url = "https://nodejs.org/dist/v24.14.1/node-v24.14.1-darwin-arm64.tar.gz"

[tools.node."platforms.macos-x64"]
checksum = "sha256:2526230ad7d922be82d4fdb1e7ee1e84303e133e3b4b0ec4c2897ab31de0253d"
url = "https://nodejs.org/dist/v24.14.1/node-v24.14.1-darwin-x64.tar.gz"

[tools.node."platforms.windows-x64"]
checksum = "sha256:6e50ce5498c0cebc20fd39ab3ff5df836ed2f8a31aa093cecad8497cff126d70"
url = "https://nodejs.org/dist/v24.14.1/node-v24.14.1-win-x64.zip"

[[tools.ormolu]]
version = "0.8.1.1"
backend = "github:tweag/ormolu"

[tools.ormolu."platforms.linux-x64"]
checksum = "sha256:fde2caaf946c1d3507aebfbf848258c7fb19a0794c0b47ac549f83e556195cf2"
url = "https://github.com/tweag/ormolu/releases/download/0.8.1.1/ormolu-x86_64-linux.zip"
url_api = "https://api.github.com/repos/tweag/ormolu/releases/assets/448496428"

[tools.ormolu."platforms.linux-x64-musl"]
checksum = "sha256:fde2caaf946c1d3507aebfbf848258c7fb19a0794c0b47ac549f83e556195cf2"
url = "https://github.com/tweag/ormolu/releases/download/0.8.1.1/ormolu-x86_64-linux.zip"
url_api = "https://api.github.com/repos/tweag/ormolu/releases/assets/448496428"

[tools.ormolu."platforms.macos-arm64"]
checksum = "sha256:532cb006ad4774efb4368b547d95984199741b3d37c01e0056bfb2471f049e99"
url = "https://github.com/tweag/ormolu/releases/download/0.8.1.1/ormolu-aarch64-darwin.zip"
url_api = "https://api.github.com/repos/tweag/ormolu/releases/assets/448471376"

[tools.ormolu."platforms.macos-x64"]
checksum = "sha256:1fce2c628c2b3bfe35b3c9a78428a4ec2da266a3d070d33d933ff8845e8cb206"
url = "https://github.com/tweag/ormolu/releases/download/0.8.1.1/ormolu-x86_64-darwin.zip"
url_api = "https://api.github.com/repos/tweag/ormolu/releases/assets/448485189"

[tools.ormolu."platforms.windows-x64"]
checksum = "sha256:4a7cf83099a18b850143046ff61ba56ba30090918a1a48e7d5bb1cf3eac1a73f"
url = "https://github.com/tweag/ormolu/releases/download/0.8.1.1/ormolu-x86_64-windows.zip"
url_api = "https://api.github.com/repos/tweag/ormolu/releases/assets/448472309"
