# @generated - this file is auto-generated by `mise lock` https://mise.jdx.dev/dev-tools/mise-lock.html

[[tools.cabal-gild]]
version = "1.7.0.2"
backend = "github:tfausak/cabal-gild"

[tools.cabal-gild."platforms.linux-arm64"]
checksum = "sha256:e5606f68f308e9d42efd7f488be43b81db59e2e518406c7af424ea56e3b948a1"
url = "https://github.com/tfausak/cabal-gild/releases/download/1.7.0.2/cabal-gild-1.7.0.2.tar.gz"
url_api = "https://api.github.com/repos/tfausak/cabal-gild/releases/assets/367641054"

[tools.cabal-gild."platforms.linux-arm64-musl"]
checksum = "sha256:e5606f68f308e9d42efd7f488be43b81db59e2e518406c7af424ea56e3b948a1"
url = "https://github.com/tfausak/cabal-gild/releases/download/1.7.0.2/cabal-gild-1.7.0.2.tar.gz"
url_api = "https://api.github.com/repos/tfausak/cabal-gild/releases/assets/367641054"

[tools.cabal-gild."platforms.linux-x64"]
checksum = "sha256:ddf3f5bf4ec694629631c3c6527db0bf8d7b24f4a81295b37addea7db7dd5c21"
url = "https://github.com/tfausak/cabal-gild/releases/download/1.7.0.2/cabal-gild-1.7.0.2-linux-x64.tar.gz"
url_api = "https://api.github.com/repos/tfausak/cabal-gild/releases/assets/367641057"

[tools.cabal-gild."platforms.linux-x64-musl"]
checksum = "sha256:ddf3f5bf4ec694629631c3c6527db0bf8d7b24f4a81295b37addea7db7dd5c21"
url = "https://github.com/tfausak/cabal-gild/releases/download/1.7.0.2/cabal-gild-1.7.0.2-linux-x64.tar.gz"
url_api = "https://api.github.com/repos/tfausak/cabal-gild/releases/assets/367641057"

[tools.cabal-gild."platforms.macos-arm64"]
checksum = "sha256:1698acdfdafe049de8a794ec65757deca06923f769d903658327c917db7ba6d8"
url = "https://github.com/tfausak/cabal-gild/releases/download/1.7.0.2/cabal-gild-1.7.0.2-darwin-arm64.tar.gz"
url_api = "https://api.github.com/repos/tfausak/cabal-gild/releases/assets/367641058"

[tools.cabal-gild."platforms.macos-x64"]
checksum = "sha256:e5606f68f308e9d42efd7f488be43b81db59e2e518406c7af424ea56e3b948a1"
url = "https://github.com/tfausak/cabal-gild/releases/download/1.7.0.2/cabal-gild-1.7.0.2.tar.gz"
url_api = "https://api.github.com/repos/tfausak/cabal-gild/releases/assets/367641054"

[tools.cabal-gild."platforms.windows-x64"]
checksum = "sha256:ef775a7755324ee3bf55b91d7bbd3131cb36296bade8f9ecf512bde17d0a9259"
url = "https://github.com/tfausak/cabal-gild/releases/download/1.7.0.2/cabal-gild-1.7.0.2-win32-x64.tar.gz"
url_api = "https://api.github.com/repos/tfausak/cabal-gild/releases/assets/367641056"

[[tools.ormolu]]
version = "0.7.2.0"
backend = "github:tweag/ormolu"

[tools.ormolu."platforms.linux-arm64"]
url = "https://github.com/tweag/ormolu/releases/download/0.7.2.0/ormolu-Linux.zip"
url_api = "https://api.github.com/repos/tweag/ormolu/releases/assets/124848989"

[tools.ormolu."platforms.linux-arm64-musl"]
url = "https://github.com/tweag/ormolu/releases/download/0.7.2.0/ormolu-Linux.zip"
url_api = "https://api.github.com/repos/tweag/ormolu/releases/assets/124848989"

[tools.ormolu."platforms.linux-x64"]
url = "https://github.com/tweag/ormolu/releases/download/0.7.2.0/ormolu-Linux.zip"
url_api = "https://api.github.com/repos/tweag/ormolu/releases/assets/124848989"

[tools.ormolu."platforms.linux-x64-musl"]
url = "https://github.com/tweag/ormolu/releases/download/0.7.2.0/ormolu-Linux.zip"
url_api = "https://api.github.com/repos/tweag/ormolu/releases/assets/124848989"

[tools.ormolu."platforms.macos-arm64"]
url = "https://github.com/tweag/ormolu/releases/download/0.7.2.0/ormolu-macOS.zip"
url_api = "https://api.github.com/repos/tweag/ormolu/releases/assets/124848990"

[tools.ormolu."platforms.macos-x64"]
url = "https://github.com/tweag/ormolu/releases/download/0.7.2.0/ormolu-macOS.zip"
url_api = "https://api.github.com/repos/tweag/ormolu/releases/assets/124848990"

[tools.ormolu."platforms.windows-x64"]
url = "https://github.com/tweag/ormolu/releases/download/0.7.2.0/ormolu-Windows.zip"
url_api = "https://api.github.com/repos/tweag/ormolu/releases/assets/124853921"
