{
  "name": "my-prisma-project",
  "version": "1.0.0",
  "lockfileVersion": 3,
  "requires": true,
  "packages": {
    "": {
      "name": "my-prisma-project",
      "version": "1.0.0",
      "license": "ISC",
      "dependencies": {
        "@prisma/client": "^4.12.0"
      },
      "devDependencies": {
        "prisma": "^4.12.0"
      }
    },
    "node_modules/@prisma/client": {
      "version": "4.12.0",
      "resolved": "https://registry.npmjs.org/@prisma/client/-/client-4.12.0.tgz",
      "integrity": "sha512-j9/ighfWwux97J2dS15nqhl60tYoH8V0IuSsgZDb6bCFcQD3fXbXmxjYC8GHhIgOk3lB7Pq+8CwElz2MiDpsSg==",
      "hasInstallScript": true,
      "dependencies": {
        "@prisma/engines-version": "4.12.0-67.659ef412370fa3b41cd7bf6e94587c1dfb7f67e7"
      },
      "engines": {
        "node": ">=14.17"
      },
      "peerDependencies": {
        "prisma": "*"
      },
      "peerDependenciesMeta": {
        "prisma": {
          "optional": true
        }
      }
    },
    "node_modules/@prisma/engines": {
      "version": "4.12.0",
      "resolved": "https://registry.npmjs.org/@prisma/engines/-/engines-4.12.0.tgz",
      "integrity": "sha512-0alKtnxhNB5hYU+ymESBlGI4b9XrGGSdv7Ud+8TE/fBNOEhIud0XQsAR+TrvUZgS4na5czubiMsODw0TUrgkIA==",
      "devOptional": true,
      "hasInstallScript": true
    },
    "node_modules/@prisma/engines-version": {
      "version": "4.12.0-67.659ef412370fa3b41cd7bf6e94587c1dfb7f67e7",
      "resolved": "https://registry.npmjs.org/@prisma/engines-version/-/engines-version-4.12.0-67.659ef412370fa3b41cd7bf6e94587c1dfb7f67e7.tgz",
      "integrity": "sha512-JIHNj5jlXb9mcaJwakM0vpgRYJIAurxTUqM0iX0tfEQA5XLZ9ONkIckkhuAKdAzocZ+80GYg7QSsfpjg7OxbOA=="
    },
    "node_modules/prisma": {
      "version": "4.12.0",
      "resolved": "https://registry.npmjs.org/prisma/-/prisma-4.12.0.tgz",
      "integrity": "sha512-xqVper4mbwl32BWzLpdznHAYvYDWQQWK2tBfXjdUD397XaveRyAP7SkBZ6kFlIg8kKayF4hvuaVtYwXd9BodAg==",
      "devOptional": true,
      "hasInstallScript": true,
      "dependencies": {
        "@prisma/engines": "4.12.0"
      },
      "bin": {
        "prisma": "build/index.js",
        "prisma2": "build/index.js"
      },
      "engines": {
        "node": ">=14.17"
      }
    }
  }
}
