{
  "name": "todo-typescript",
  "lockfileVersion": 3,
  "requires": true,
  "packages": {
    "": {
      "dependencies": {
        "@prisma/client": "^4.12.0",
        "vite": "^4.5.0"
      },
      "devDependencies": {
        "prisma": "^4.12.0"
      }
    },
    "node_modules/@esbuild/linux-x64": {
      "version": "0.18.15",
      "cpu": [
        "x64"
      ],
      "license": "MIT",
      "optional": true,
      "os": [
        "linux"
      ],
      "engines": {
        "node": ">=12"
      }
    },
    "node_modules/@prisma/client": {
      "version": "4.12.0",
      "resolved": "https://registry.npmjs.org/@prisma/client/-/client-4.12.0.tgz",
      "integrity": "sha512-j9/ighfWwux97J2dS15nqhl60tYoH8V0IuSsgZDb6bCFcQD3fXbXmxjYC8GHhIgOk3lB7Pq+8CwElz2MiDpsSg==",
      "hasInstallScript": true,
      "dependencies": {
        "@prisma/engines-version": "4.12.0-67.659ef412370fa3b41cd7bf6e94587c1dfb7f67e7"
      },
      "engines": {
        "node": ">=14.17"
      },
      "peerDependencies": {
        "prisma": "*"
      },
      "peerDependenciesMeta": {
        "prisma": {
          "optional": true
        }
      }
    },
    "node_modules/@prisma/engines": {
      "version": "4.12.0",
      "resolved": "https://registry.npmjs.org/@prisma/engines/-/engines-4.12.0.tgz",
      "integrity": "sha512-0alKtnxhNB5hYU+ymESBlGI4b9XrGGSdv7Ud+8TE/fBNOEhIud0XQsAR+TrvUZgS4na5czubiMsODw0TUrgkIA==",
      "devOptional": true,
      "hasInstallScript": true
    },
    "node_modules/@prisma/engines-version": {
      "version": "4.12.0-67.659ef412370fa3b41cd7bf6e94587c1dfb7f67e7",
      "resolved": "https://registry.npmjs.org/@prisma/engines-version/-/engines-version-4.12.0-67.659ef412370fa3b41cd7bf6e94587c1dfb7f67e7.tgz",
      "integrity": "sha512-JIHNj5jlXb9mcaJwakM0vpgRYJIAurxTUqM0iX0tfEQA5XLZ9ONkIckkhuAKdAzocZ+80GYg7QSsfpjg7OxbOA=="
    },
    "node_modules/@types/node": {
      "version": "18.15.13",
      "license": "MIT",
      "optional": true,
      "peer": true
    },
    "node_modules/esbuild": {
      "version": "0.18.15",
      "hasInstallScript": true,
      "license": "MIT",
      "bin": {
        "esbuild": "bin/esbuild"
      },
      "engines": {
        "node": ">=12"
      },
      "optionalDependencies": {
        "@esbuild/android-arm": "0.18.15",
        "@esbuild/android-arm64": "0.18.15",
        "@esbuild/android-x64": "0.18.15",
        "@esbuild/darwin-arm64": "0.18.15",
        "@esbuild/darwin-x64": "0.18.15",
        "@esbuild/freebsd-arm64": "0.18.15",
        "@esbuild/freebsd-x64": "0.18.15",
        "@esbuild/linux-arm": "0.18.15",
        "@esbuild/linux-arm64": "0.18.15",
        "@esbuild/linux-ia32": "0.18.15",
        "@esbuild/linux-loong64": "0.18.15",
        "@esbuild/linux-mips64el": "0.18.15",
        "@esbuild/linux-ppc64": "0.18.15",
        "@esbuild/linux-riscv64": "0.18.15",
        "@esbuild/linux-s390x": "0.18.15",
        "@esbuild/linux-x64": "0.18.15",
        "@esbuild/netbsd-x64": "0.18.15",
        "@esbuild/openbsd-x64": "0.18.15",
        "@esbuild/sunos-x64": "0.18.15",
        "@esbuild/win32-arm64": "0.18.15",
        "@esbuild/win32-ia32": "0.18.15",
        "@esbuild/win32-x64": "0.18.15"
      }
    },
    "node_modules/fsevents": {
      "version": "2.3.3",
      "resolved": "https://registry.npmjs.org/fsevents/-/fsevents-2.3.3.tgz",
      "integrity": "sha512-5xoDfX+fL7faATnagmWPpbFtwh/R77WmMMqqHGS65C3vvB0YHrgF+B1YmZ3441tMj5n63k0212XNoJwzlhffQw==",
      "hasInstallScript": true,
      "optional": true,
      "os": [
        "darwin"
      ],
      "engines": {
        "node": "^8.16.0 || ^10.6.0 || >=11.0.0"
      }
    },
    "node_modules/nanoid": {
      "version": "3.3.6",
      "funding": [
        {
          "type": "github",
          "url": "https://github.com/sponsors/ai"
        }
      ],
      "license": "MIT",
      "bin": {
        "nanoid": "bin/nanoid.cjs"
      },
      "engines": {
        "node": "^10 || ^12 || ^13.7 || ^14 || >=15.0.1"
      }
    },
    "node_modules/picocolors": {
      "version": "1.0.0",
      "license": "ISC"
    },
    "node_modules/postcss": {
      "version": "8.4.27",
      "funding": [
        {
          "type": "opencollective",
          "url": "https://opencollective.com/postcss/"
        },
        {
          "type": "tidelift",
          "url": "https://tidelift.com/funding/github/npm/postcss"
        },
        {
          "type": "github",
          "url": "https://github.com/sponsors/ai"
        }
      ],
      "license": "MIT",
      "dependencies": {
        "nanoid": "^3.3.6",
        "picocolors": "^1.0.0",
        "source-map-js": "^1.0.2"
      },
      "engines": {
        "node": "^10 || ^12 || >=14"
      }
    },
    "node_modules/prisma": {
      "version": "4.12.0",
      "resolved": "https://registry.npmjs.org/prisma/-/prisma-4.12.0.tgz",
      "integrity": "sha512-xqVper4mbwl32BWzLpdznHAYvYDWQQWK2tBfXjdUD397XaveRyAP7SkBZ6kFlIg8kKayF4hvuaVtYwXd9BodAg==",
      "devOptional": true,
      "hasInstallScript": true,
      "dependencies": {
        "@prisma/engines": "4.12.0"
      },
      "bin": {
        "prisma": "build/index.js",
        "prisma2": "build/index.js"
      },
      "engines": {
        "node": ">=14.17"
      }
    },
    "node_modules/rollup": {
      "version": "3.29.4",
      "resolved": "https://registry.npmjs.org/rollup/-/rollup-3.29.4.tgz",
      "integrity": "sha512-oWzmBZwvYrU0iJHtDmhsm662rC15FRXmcjCk1xD771dFDx5jJ02ufAQQTn0etB2emNk4J9EZg/yWKpsn9BWGRw==",
      "bin": {
        "rollup": "dist/bin/rollup"
      },
      "engines": {
        "node": ">=14.18.0",
        "npm": ">=8.0.0"
      },
      "optionalDependencies": {
        "fsevents": "~2.3.2"
      }
    },
    "node_modules/source-map-js": {
      "version": "1.0.2",
      "license": "BSD-3-Clause",
      "engines": {
        "node": ">=0.10.0"
      }
    },
    "node_modules/vite": {
      "version": "4.5.0",
      "resolved": "https://registry.npmjs.org/vite/-/vite-4.5.0.tgz",
      "integrity": "sha512-ulr8rNLA6rkyFAlVWw2q5YJ91v098AFQ2R0PRFwPzREXOUJQPtFUG0t+/ZikhaOCDqFoDhN6/v8Sq0o4araFAw==",
      "dependencies": {
        "esbuild": "^0.18.10",
        "postcss": "^8.4.27",
        "rollup": "^3.27.1"
      },
      "bin": {
        "vite": "bin/vite.js"
      },
      "engines": {
        "node": "^14.18.0 || >=16.0.0"
      },
      "funding": {
        "url": "https://github.com/vitejs/vite?sponsor=1"
      },
      "optionalDependencies": {
        "fsevents": "~2.3.2"
      },
      "peerDependencies": {
        "@types/node": ">= 14",
        "less": "*",
        "lightningcss": "^1.21.0",
        "sass": "*",
        "stylus": "*",
        "sugarss": "*",
        "terser": "^5.4.0"
      },
      "peerDependenciesMeta": {
        "@types/node": {
          "optional": true
        },
        "less": {
          "optional": true
        },
        "lightningcss": {
          "optional": true
        },
        "sass": {
          "optional": true
        },
        "stylus": {
          "optional": true
        },
        "sugarss": {
          "optional": true
        },
        "terser": {
          "optional": true
        }
      }
    }
  }
}
