{
  "name": "@wasp.sh/wasp-app-runner",
  "version": "0.0.14",
  "lockfileVersion": 3,
  "requires": true,
  "packages": {
    "": {
      "name": "@wasp.sh/wasp-app-runner",
      "version": "0.0.14",
      "license": "MIT",
      "dependencies": {
        "@commander-js/extra-typings": "^13.1.0",
        "chalk": "^5.4.1",
        "commander": "^13.1.0",
        "dotenv": "^16.5.0",
        "p-retry": "^7.1.1",
        "semver": "^7.7.3"
      },
      "bin": {
        "run-wasp-app": "bin/index.js"
      },
      "devDependencies": {
        "@types/node": "^22.15.12",
        "@types/semver": "^7.7.1",
        "typescript": "6.0.3"
      }
    },
    "node_modules/@commander-js/extra-typings": {
      "version": "13.1.0",
      "resolved": "https://registry.npmjs.org/@commander-js/extra-typings/-/extra-typings-13.1.0.tgz",
      "integrity": "sha512-q5P52BYb1hwVWE6dtID7VvuJWrlfbCv4klj7BjUUOqMz4jbSZD4C9fJ9lRjL2jnBGTg+gDDlaXN51rkWcLk4fg==",
      "license": "MIT",
      "peerDependencies": {
        "commander": "~13.1.0"
      }
    },
    "node_modules/@types/node": {
      "version": "22.19.17",
      "resolved": "https://registry.npmjs.org/@types/node/-/node-22.19.17.tgz",
      "integrity": "sha512-wGdMcf+vPYM6jikpS/qhg6WiqSV/OhG+jeeHT/KlVqxYfD40iYJf9/AE1uQxVWFvU7MipKRkRv8NSHiCGgPr8Q==",
      "dev": true,
      "license": "MIT",
      "dependencies": {
        "undici-types": "~6.21.0"
      }
    },
    "node_modules/@types/semver": {
      "version": "7.7.1",
      "resolved": "https://registry.npmjs.org/@types/semver/-/semver-7.7.1.tgz",
      "integrity": "sha512-FmgJfu+MOcQ370SD0ev7EI8TlCAfKYU+B4m5T3yXc1CiRN94g/SZPtsCkk506aUDtlMnFZvasDwHHUcZUEaYuA==",
      "dev": true,
      "license": "MIT"
    },
    "node_modules/chalk": {
      "version": "5.6.2",
      "resolved": "https://registry.npmjs.org/chalk/-/chalk-5.6.2.tgz",
      "integrity": "sha512-7NzBL0rN6fMUW+f7A6Io4h40qQlG+xGmtMxfbnH/K7TAtt8JQWVQK+6g0UXKMeVJoyV5EkkNsErQ8pVD3bLHbA==",
      "license": "MIT",
      "engines": {
        "node": "^12.17.0 || ^14.13 || >=16.0.0"
      },
      "funding": {
        "url": "https://github.com/chalk/chalk?sponsor=1"
      }
    },
    "node_modules/commander": {
      "version": "13.1.0",
      "resolved": "https://registry.npmjs.org/commander/-/commander-13.1.0.tgz",
      "integrity": "sha512-/rFeCpNJQbhSZjGVwO9RFV3xPqbnERS8MmIQzCtD/zl6gpJuV/bMLuN92oG3F7d8oDEHHRrujSXNUr8fpjntKw==",
      "license": "MIT",
      "engines": {
        "node": ">=18"
      }
    },
    "node_modules/dotenv": {
      "version": "16.6.1",
      "resolved": "https://registry.npmjs.org/dotenv/-/dotenv-16.6.1.tgz",
      "integrity": "sha512-uBq4egWHTcTt33a72vpSG0z3HnPuIl6NqYcTrKEg2azoEyl2hpW0zqlxysq2pK9HlDIHyHyakeYaYnSAwd8bow==",
      "license": "BSD-2-Clause",
      "engines": {
        "node": ">=12"
      },
      "funding": {
        "url": "https://dotenvx.com"
      }
    },
    "node_modules/is-network-error": {
      "version": "1.3.1",
      "resolved": "https://registry.npmjs.org/is-network-error/-/is-network-error-1.3.1.tgz",
      "integrity": "sha512-6QCxa49rQbmUWLfk0nuGqzql9U8uaV2H6279bRErPBHe/109hCzsLUBUHfbEtvLIHBd6hyXbgedBSHevm43Edw==",
      "license": "MIT",
      "engines": {
        "node": ">=16"
      },
      "funding": {
        "url": "https://github.com/sponsors/sindresorhus"
      }
    },
    "node_modules/p-retry": {
      "version": "7.1.1",
      "resolved": "https://registry.npmjs.org/p-retry/-/p-retry-7.1.1.tgz",
      "integrity": "sha512-J5ApzjyRkkf601HpEeykoiCvzHQjWxPAHhyjFcEUP2SWq0+35NKh8TLhpLw+Dkq5TZBFvUM6UigdE9hIVYTl5w==",
      "license": "MIT",
      "dependencies": {
        "is-network-error": "^1.1.0"
      },
      "engines": {
        "node": ">=20"
      },
      "funding": {
        "url": "https://github.com/sponsors/sindresorhus"
      }
    },
    "node_modules/semver": {
      "version": "7.7.4",
      "resolved": "https://registry.npmjs.org/semver/-/semver-7.7.4.tgz",
      "integrity": "sha512-vFKC2IEtQnVhpT78h1Yp8wzwrf8CM+MzKMHGJZfBtzhZNycRFnXsHk6E5TxIkkMsgNS7mdX3AGB7x2QM2di4lA==",
      "license": "ISC",
      "bin": {
        "semver": "bin/semver.js"
      },
      "engines": {
        "node": ">=10"
      }
    },
    "node_modules/typescript": {
      "version": "6.0.3",
      "resolved": "https://registry.npmjs.org/typescript/-/typescript-6.0.3.tgz",
      "integrity": "sha512-y2TvuxSZPDyQakkFRPZHKFm+KKVqIisdg9/CZwm9ftvKXLP8NRWj38/ODjNbr43SsoXqNuAisEf1GdCxqWcdBw==",
      "dev": true,
      "license": "Apache-2.0",
      "bin": {
        "tsc": "bin/tsc",
        "tsserver": "bin/tsserver"
      },
      "engines": {
        "node": ">=14.17"
      }
    },
    "node_modules/undici-types": {
      "version": "6.21.0",
      "resolved": "https://registry.npmjs.org/undici-types/-/undici-types-6.21.0.tgz",
      "integrity": "sha512-iwDZqg0QAGrg9Rav5H4n0M64c3mkR59cJ6wQp+7C4nI0gsmExaedaYLNO44eT4AtBBwjbTiGPMlt2Md0T9H9JQ==",
      "dev": true,
      "license": "MIT"
    }
  }
}
