{
  "name": "sticlandingpage",
  "version": "1.0.0",
  "lockfileVersion": 1,
  "requires": true,
  "dependencies": {
    "bulma": {
      "version": "0.7.4",
      "resolved": "https://registry.npmjs.org/bulma/-/bulma-0.7.4.tgz",
      "integrity": "sha512-krG2rP6eAX1WE0sf6O0SC/FUVSOBX4m1PBC2+GKLpb2pX0qanaDqcv9U2nu75egFrsHkI0zdWYuk/oGwoszVWg=="
    },
    "bulma-start": {
      "version": "0.0.3",
      "resolved": "https://registry.npmjs.org/bulma-start/-/bulma-start-0.0.3.tgz",
      "integrity": "sha512-LJchFdLKUAavS4c8qELN+5FoOicttX8fi1+M2mLZQyf+ru8tcooqQ3j9kdJq1p/FeVyfOLi4vtXP1b3k4tQdtA=="
    }
  }
}
