{
  "name": "@wasp.sh/auth-better-auth",
  "version": "0.1.0",
  "lockfileVersion": 3,
  "requires": true,
  "packages": {
    "": {
      "name": "@wasp.sh/auth-better-auth",
      "version": "0.1.0",
      "license": "MIT",
      "devDependencies": {
        "@types/node": "^24.0.0",
        "@wasp.sh/auth-contract": "file:../../../../waspc/data/Generator/libs/auth-contract",
        "better-auth": "^1.0.0",
        "typescript": "~6.0.3"
      },
      "peerDependencies": {
        "@wasp.sh/auth-contract": "*",
        "better-auth": "^1.0.0"
      }
    },
    "../../../../waspc/data/Generator/libs/auth-contract": {
      "name": "@wasp.sh/auth-contract",
      "version": "0.26.0",
      "dev": true,
      "license": "MIT",
      "devDependencies": {
        "@tsconfig/node22": "^22.0.5",
        "@types/node": "~22.12",
        "@types/react": "^19.2.0",
        "react": "^19.2.0",
        "tsdown": "^0.21.5",
        "typescript": "~6.0.3"
      },
      "peerDependencies": {
        "react": "^18.0.0 || ^19.0.0"
      },
      "peerDependenciesMeta": {
        "react": {
          "optional": true
        }
      }
    },
    "node_modules/@better-auth/core": {
      "version": "1.6.28",
      "resolved": "https://registry.npmjs.org/@better-auth/core/-/core-1.6.28.tgz",
      "integrity": "sha512-UzRh0Tx8OFmjl2iN+e+wNb3oZaBIXLw/DNgTotaEbatZdQePpekjq/0WBOHkLh6XEuOWQpF1VSJD8stgrQvP2Q==",
      "dev": true,
      "license": "MIT",
      "dependencies": {
        "@opentelemetry/semantic-conventions": "^1.39.0",
        "@standard-schema/spec": "^1.1.0",
        "zod": "^4.3.6"
      },
      "peerDependencies": {
        "@better-auth/utils": "0.4.2",
        "@better-fetch/fetch": "1.3.1",
        "@cloudflare/workers-types": ">=4",
        "@opentelemetry/api": "^1.9.0",
        "better-call": "1.4.0",
        "jose": "^6.1.0",
        "kysely": "^0.28.5 || ^0.29.0",
        "nanostores": "^1.0.1"
      },
      "peerDependenciesMeta": {
        "@cloudflare/workers-types": {
          "optional": true
        },
        "@opentelemetry/api": {
          "optional": true
        }
      }
    },
    "node_modules/@better-auth/drizzle-adapter": {
      "version": "1.6.28",
      "resolved": "https://registry.npmjs.org/@better-auth/drizzle-adapter/-/drizzle-adapter-1.6.28.tgz",
      "integrity": "sha512-TXuiTUuAqwQ6vlLS4X2yPl+cqhqPBtbxsC8mqyVVpg5UlUmxPBv89iGDue/fROIqjHFX8rjkD5f8IiDTyOSlnw==",
      "dev": true,
      "license": "MIT",
      "peerDependencies": {
        "@better-auth/core": "^1.6.28",
        "@better-auth/utils": "0.4.2",
        "drizzle-orm": "^0.45.2"
      },
      "peerDependenciesMeta": {
        "drizzle-orm": {
          "optional": true
        }
      }
    },
    "node_modules/@better-auth/kysely-adapter": {
      "version": "1.6.28",
      "resolved": "https://registry.npmjs.org/@better-auth/kysely-adapter/-/kysely-adapter-1.6.28.tgz",
      "integrity": "sha512-EJ8qhdIvOAb+lisGIaWT4T1a8S2Fs2O22U+1GvTYhyra4+MVRakNLkn9og6rH2ILRibTpJ4itzanhpuWrkah3A==",
      "dev": true,
      "license": "MIT",
      "peerDependencies": {
        "@better-auth/core": "^1.6.28",
        "@better-auth/utils": "0.4.2",
        "kysely": "^0.28.17 || ^0.29.0"
      },
      "peerDependenciesMeta": {
        "kysely": {
          "optional": true
        }
      }
    },
    "node_modules/@better-auth/memory-adapter": {
      "version": "1.6.28",
      "resolved": "https://registry.npmjs.org/@better-auth/memory-adapter/-/memory-adapter-1.6.28.tgz",
      "integrity": "sha512-fl000Re8x8RsXNooZ7BJEq19f5UMOnbdkQKkY5qQJmLwWo/Sa1ODkfj6Mq1knFkOdJ5e6ABU2lh3a8WyqSH2aA==",
      "dev": true,
      "license": "MIT",
      "peerDependencies": {
        "@better-auth/core": "^1.6.28",
        "@better-auth/utils": "0.4.2"
      }
    },
    "node_modules/@better-auth/mongo-adapter": {
      "version": "1.6.28",
      "resolved": "https://registry.npmjs.org/@better-auth/mongo-adapter/-/mongo-adapter-1.6.28.tgz",
      "integrity": "sha512-tJUmg7Z/TeOzpcdGceTkHVuyViVuHcradK1CFonLBuW4Vv+R5w8e2g9xuXOfjH4Wt9ZKd0LxyXWhpVVWWtyIQg==",
      "dev": true,
      "license": "MIT",
      "peerDependencies": {
        "@better-auth/core": "^1.6.28",
        "@better-auth/utils": "0.4.2",
        "mongodb": "^6.0.0 || ^7.0.0"
      },
      "peerDependenciesMeta": {
        "mongodb": {
          "optional": true
        }
      }
    },
    "node_modules/@better-auth/prisma-adapter": {
      "version": "1.6.28",
      "resolved": "https://registry.npmjs.org/@better-auth/prisma-adapter/-/prisma-adapter-1.6.28.tgz",
      "integrity": "sha512-Fr26MGainOZN6Oidz/AxiVDrHE5PN2v2z7hTlQGbHC4ZaVV8wrOt+QoQcJhQHZXJSzmOnVAQwW7dj3TWDbZhHA==",
      "dev": true,
      "license": "MIT",
      "peerDependencies": {
        "@better-auth/core": "^1.6.28",
        "@better-auth/utils": "0.4.2",
        "@prisma/client": "^5.0.0 || ^6.0.0 || ^7.0.0",
        "prisma": "^5.0.0 || ^6.0.0 || ^7.0.0"
      },
      "peerDependenciesMeta": {
        "@prisma/client": {
          "optional": true
        },
        "prisma": {
          "optional": true
        }
      }
    },
    "node_modules/@better-auth/telemetry": {
      "version": "1.6.28",
      "resolved": "https://registry.npmjs.org/@better-auth/telemetry/-/telemetry-1.6.28.tgz",
      "integrity": "sha512-FTa0TTcW1/FsodjnmE1oisAXg6lMjKEhgQExNafF05oHW624Qrz7GU7eFuBV/0qj5Jn3yIYyOsbqkVTRvSwKnw==",
      "dev": true,
      "license": "MIT",
      "peerDependencies": {
        "@better-auth/core": "^1.6.28",
        "@better-auth/utils": "0.4.2",
        "@better-fetch/fetch": "1.3.1"
      }
    },
    "node_modules/@better-auth/utils": {
      "version": "0.4.2",
      "resolved": "https://registry.npmjs.org/@better-auth/utils/-/utils-0.4.2.tgz",
      "integrity": "sha512-AUxrvu+HaaODsUyzDxFgwd/8RZ1yZaYo42LXKSrU2oGgR38pS1ij8nqQKNgtTWoYGpNevNXtCfgTy6loHveW9A==",
      "dev": true,
      "license": "MIT",
      "dependencies": {
        "@noble/hashes": "^2.0.1"
      }
    },
    "node_modules/@better-fetch/fetch": {
      "version": "1.3.1",
      "resolved": "https://registry.npmjs.org/@better-fetch/fetch/-/fetch-1.3.1.tgz",
      "integrity": "sha512-ABkD1WhyfPZprKRQI3bhATjeiFuNWC9PXhfGWqL+sg/gKrM977oFrYkdb4msM3hgUGonr7KlOsOFT5TU2rht9g==",
      "dev": true,
      "license": "MIT"
    },
    "node_modules/@noble/ciphers": {
      "version": "2.3.0",
      "resolved": "https://registry.npmjs.org/@noble/ciphers/-/ciphers-2.3.0.tgz",
      "integrity": "sha512-Clu/xdfgVTf9o7ngLOURaxePwR0j8sjclKEtVij10/jGulwFsPWCvvRgG/XjUVf8Nei+jLG6uwyXzUTGY1DQrw==",
      "dev": true,
      "license": "MIT",
      "engines": {
        "node": ">= 20.19.0"
      },
      "funding": {
        "url": "https://paulmillr.com/funding/"
      }
    },
    "node_modules/@noble/hashes": {
      "version": "2.3.0",
      "resolved": "https://registry.npmjs.org/@noble/hashes/-/hashes-2.3.0.tgz",
      "integrity": "sha512-oN+QwyX7VSHotibwubG3kpzbwKrfnyR6OOO+3Nk/53ADL7FmgHHz4TgrbaYKvvOw09u6QTx0oiH1cNCIOuN0CQ==",
      "dev": true,
      "license": "MIT",
      "engines": {
        "node": ">= 20.19.0"
      },
      "funding": {
        "url": "https://paulmillr.com/funding/"
      }
    },
    "node_modules/@opentelemetry/semantic-conventions": {
      "version": "1.43.0",
      "resolved": "https://registry.npmjs.org/@opentelemetry/semantic-conventions/-/semantic-conventions-1.43.0.tgz",
      "integrity": "sha512-eSYWTm620tTk45EKSedaUL8MFYI8hW164hIXsgIHyxu3VobUB3fFCu5t0hQby6OoWRPsG1KkKUG2M5UadiLiVg==",
      "dev": true,
      "license": "Apache-2.0",
      "engines": {
        "node": ">=14"
      }
    },
    "node_modules/@standard-schema/spec": {
      "version": "1.1.0",
      "resolved": "https://registry.npmjs.org/@standard-schema/spec/-/spec-1.1.0.tgz",
      "integrity": "sha512-l2aFy5jALhniG5HgqrD6jXLi/rUWrKvqN/qJx6yoJsgKhblVd+iqqU4RCXavm/jPityDo5TCvKMnpjKnOriy0w==",
      "dev": true,
      "license": "MIT"
    },
    "node_modules/@types/node": {
      "version": "24.13.3",
      "resolved": "https://registry.npmjs.org/@types/node/-/node-24.13.3.tgz",
      "integrity": "sha512-Dh8vAsV36ig5wa9OX4pXvMc9D3Veibfw2wix0CUwYODLD8nkj9UsLjASr49nPg+2eKzxhBV+v7L8pXvT4e639Q==",
      "dev": true,
      "license": "MIT",
      "dependencies": {
        "undici-types": "~7.18.0"
      }
    },
    "node_modules/@wasp.sh/auth-contract": {
      "resolved": "../../../../waspc/data/Generator/libs/auth-contract",
      "link": true
    },
    "node_modules/better-auth": {
      "version": "1.6.28",
      "resolved": "https://registry.npmjs.org/better-auth/-/better-auth-1.6.28.tgz",
      "integrity": "sha512-PW1y6mepLINbv04mimKbF3qjy4B/3ynG/Kc0jT3X+qepu1M+9UJJj3kS8parSnpT8cPEHWhu5sJCuL7iyMyddw==",
      "dev": true,
      "license": "MIT",
      "dependencies": {
        "@better-auth/core": "1.6.28",
        "@better-auth/drizzle-adapter": "1.6.28",
        "@better-auth/kysely-adapter": "1.6.28",
        "@better-auth/memory-adapter": "1.6.28",
        "@better-auth/mongo-adapter": "1.6.28",
        "@better-auth/prisma-adapter": "1.6.28",
        "@better-auth/telemetry": "1.6.28",
        "@better-auth/utils": "0.4.2",
        "@better-fetch/fetch": "1.3.1",
        "@noble/ciphers": "^2.1.1",
        "@noble/hashes": "^2.0.1",
        "better-call": "1.4.0",
        "defu": "^6.1.4",
        "jose": "^6.1.3",
        "kysely": "^0.28.17 || ^0.29.0",
        "nanostores": "^1.1.1",
        "zod": "^4.3.6"
      },
      "peerDependencies": {
        "@lynx-js/react": "*",
        "@prisma/client": "^5.0.0 || ^6.0.0 || ^7.0.0",
        "@sveltejs/kit": "^2.0.0",
        "@tanstack/react-start": "^1.0.0",
        "@tanstack/solid-start": "^1.0.0",
        "better-sqlite3": "^12.0.0",
        "drizzle-kit": ">=0.31.4",
        "drizzle-orm": "^0.45.2",
        "mongodb": "^6.0.0 || ^7.0.0",
        "mysql2": "^3.0.0",
        "next": "^14.0.0 || ^15.0.0 || ^16.0.0",
        "pg": "^8.0.0",
        "prisma": "^5.0.0 || ^6.0.0 || ^7.0.0",
        "react": "^18.0.0 || ^19.0.0",
        "react-dom": "^18.0.0 || ^19.0.0",
        "solid-js": "^1.0.0",
        "svelte": "^4.0.0 || ^5.0.0",
        "vitest": "^2.0.0 || ^3.0.0 || ^4.0.0",
        "vue": "^3.0.0"
      },
      "peerDependenciesMeta": {
        "@lynx-js/react": {
          "optional": true
        },
        "@prisma/client": {
          "optional": true
        },
        "@sveltejs/kit": {
          "optional": true
        },
        "@tanstack/react-start": {
          "optional": true
        },
        "@tanstack/solid-start": {
          "optional": true
        },
        "better-sqlite3": {
          "optional": true
        },
        "drizzle-kit": {
          "optional": true
        },
        "drizzle-orm": {
          "optional": true
        },
        "mongodb": {
          "optional": true
        },
        "mysql2": {
          "optional": true
        },
        "next": {
          "optional": true
        },
        "pg": {
          "optional": true
        },
        "prisma": {
          "optional": true
        },
        "react": {
          "optional": true
        },
        "react-dom": {
          "optional": true
        },
        "solid-js": {
          "optional": true
        },
        "svelte": {
          "optional": true
        },
        "vitest": {
          "optional": true
        },
        "vue": {
          "optional": true
        }
      }
    },
    "node_modules/better-call": {
      "version": "1.4.0",
      "resolved": "https://registry.npmjs.org/better-call/-/better-call-1.4.0.tgz",
      "integrity": "sha512-bBKOT4vv1kZLDgxVePdilk/Jwkn+dtRRsmi3DzHcDP+WnswyVl6dR59l2HEeP/0cB+bDoopASAesWDPIdd/zZA==",
      "dev": true,
      "license": "MIT",
      "dependencies": {
        "@better-auth/utils": "^0.5.0",
        "@better-fetch/fetch": "^1.3.1",
        "rou3": "^0.9.1",
        "set-cookie-parser": "^3.1.2"
      },
      "peerDependencies": {
        "zod": "^4.0.0"
      },
      "peerDependenciesMeta": {
        "zod": {
          "optional": true
        }
      }
    },
    "node_modules/better-call/node_modules/@better-auth/utils": {
      "version": "0.5.0",
      "resolved": "https://registry.npmjs.org/@better-auth/utils/-/utils-0.5.0.tgz",
      "integrity": "sha512-BL8W4EfIZFwlu0r54m3v1ztjDhu6dDe/amLTm0xybmbZaNgYUqhD3SjpAsnq0q8YD6/ki4iwIgxJNLP/N3TxiA==",
      "dev": true,
      "license": "MIT",
      "dependencies": {
        "@noble/hashes": "^2.0.1"
      }
    },
    "node_modules/defu": {
      "version": "6.1.7",
      "resolved": "https://registry.npmjs.org/defu/-/defu-6.1.7.tgz",
      "integrity": "sha512-7z22QmUWiQ/2d0KkdYmANbRUVABpZ9SNYyH5vx6PZ+nE5bcC0l7uFvEfHlyld/HcGBFTL536ClDt3DEcSlEJAQ==",
      "dev": true,
      "license": "MIT"
    },
    "node_modules/jose": {
      "version": "6.2.8",
      "resolved": "https://registry.npmjs.org/jose/-/jose-6.2.8.tgz",
      "integrity": "sha512-Bsdjwm3Qsd/P0jR+BHDe3LytDfY7WBq2HmCCLIwuVRHMuEC9ae7/R474GIUdF1NgCyZjzVo/A9DOiOBtXq8ZoQ==",
      "dev": true,
      "license": "MIT",
      "funding": {
        "url": "https://github.com/sponsors/panva"
      }
    },
    "node_modules/kysely": {
      "version": "0.29.5",
      "resolved": "https://registry.npmjs.org/kysely/-/kysely-0.29.5.tgz",
      "integrity": "sha512-ooa+eSbBNPTo3MycPEuW5jdrxQdQwdtB3LC3h43FiXQbIry5tR0C5lDG7eealK0E4D7XjrnOP5DIUg/LyjRMYQ==",
      "dev": true,
      "license": "MIT",
      "engines": {
        "node": ">=22.0.0"
      }
    },
    "node_modules/nanostores": {
      "version": "1.4.2",
      "resolved": "https://registry.npmjs.org/nanostores/-/nanostores-1.4.2.tgz",
      "integrity": "sha512-Wxv8Roefr2nqtiRG0bnaFlpYqpIVtOEeJZHaH+4nGgOK1/7n6OHOuHCb/bhqrNQgZM8fyd0s1PqhdrJc9Ib44g==",
      "dev": true,
      "funding": [
        {
          "type": "github",
          "url": "https://github.com/sponsors/ai"
        }
      ],
      "license": "MIT",
      "engines": {
        "node": "^20.0.0 || >=22.0.0"
      }
    },
    "node_modules/rou3": {
      "version": "0.9.2",
      "resolved": "https://registry.npmjs.org/rou3/-/rou3-0.9.2.tgz",
      "integrity": "sha512-3SOzvaAg8rkHrXtRjpCvCvbyO5to9oOO27Z/XqHEYXfMRVSw/qMIVdmaOk9W2lcRLtR6dlqTjo9hDeJk70QBYQ==",
      "dev": true,
      "license": "MIT"
    },
    "node_modules/set-cookie-parser": {
      "version": "3.1.2",
      "resolved": "https://registry.npmjs.org/set-cookie-parser/-/set-cookie-parser-3.1.2.tgz",
      "integrity": "sha512-5/r/lTwbJ3zQ+qwdUFZYeRNqda7P5HD8zQKqlSjdGt1/S0cjLAphHusj4Y58ahDtWn/g32xrIS58/ikOvwl0Lw==",
      "dev": true,
      "license": "MIT"
    },
    "node_modules/typescript": {
      "version": "6.0.3",
      "resolved": "https://registry.npmjs.org/typescript/-/typescript-6.0.3.tgz",
      "integrity": "sha512-y2TvuxSZPDyQakkFRPZHKFm+KKVqIisdg9/CZwm9ftvKXLP8NRWj38/ODjNbr43SsoXqNuAisEf1GdCxqWcdBw==",
      "dev": true,
      "license": "Apache-2.0",
      "bin": {
        "tsc": "bin/tsc",
        "tsserver": "bin/tsserver"
      },
      "engines": {
        "node": ">=14.17"
      }
    },
    "node_modules/undici-types": {
      "version": "7.18.2",
      "resolved": "https://registry.npmjs.org/undici-types/-/undici-types-7.18.2.tgz",
      "integrity": "sha512-AsuCzffGHJybSaRrmr5eHr81mwJU3kjw6M+uprWvCXiNeN9SOGwQ3Jn8jb8m3Z6izVgknn1R0FTCEAP2QrLY/w==",
      "dev": true,
      "license": "MIT"
    },
    "node_modules/zod": {
      "version": "4.4.3",
      "resolved": "https://registry.npmjs.org/zod/-/zod-4.4.3.tgz",
      "integrity": "sha512-ytENFjIJFl2UwYglde2jchW2Hwm4GJFLDiSXWdTrJQBIN9Fcyp7n4DhxJEiWNAJMV1/BqWfW/kkg71UDcHJyTQ==",
      "dev": true,
      "license": "MIT",
      "funding": {
        "url": "https://github.com/sponsors/colinhacks"
      }
    }
  }
}
